
Microsoft Visual Studio Solution File, Format Version 12.00
# Visual Studio 15
VisualStudioVersion = 15.0.27703.2035
MinimumVisualStudioVersion = 10.0.40219.1
Project("{FAE04EC0-301F-11D3-BF4B-00C04F79EFBC}") = "IffleyRoutesRecord", "IffleyRoutesRecord\IffleyRoutesRecord.csproj", "{E76213F6-BB79-4DE9-BE48-DF788D103BBB}"
EndProject
Project("{E53339B2-1760-4266-BCC7-CA923CBCF16C}") = "docker-compose", "docker-compose.dcproj", "{87C188EF-A7A4-4397-A68F-3E41AF169E25}"
EndProject
Global
	GlobalSection(SolutionConfigurationPlatforms) = preSolution
		Debug|Any CPU = Debug|Any CPU
		Release|Any CPU = Release|Any CPU
	EndGlobalSection
	GlobalSection(ProjectConfigurationPlatforms) = postSolution
		{E76213F6-BB79-4DE9-BE48-DF788D103BBB}.Debug|Any CPU.ActiveCfg = Debug|Any CPU
		{E76213F6-BB79-4DE9-BE48-DF788D103BBB}.Debug|Any CPU.Build.0 = Debug|Any CPU
		{E76213F6-BB79-4DE9-BE48-DF788D103BBB}.Release|Any CPU.ActiveCfg = Release|Any CPU
		{E76213F6-BB79-4DE9-BE48-DF788D103BBB}.Release|Any CPU.Build.0 = Release|Any CPU
		{87C188EF-A7A4-4397-A68F-3E41AF169E25}.Debug|Any CPU.ActiveCfg = Debug|Any CPU
		{87C188EF-A7A4-4397-A68F-3E41AF169E25}.Debug|Any CPU.Build.0 = Debug|Any CPU
		{87C188EF-A7A4-4397-A68F-3E41AF169E25}.Release|Any CPU.ActiveCfg = Release|Any CPU
		{87C188EF-A7A4-4397-A68F-3E41AF169E25}.Release|Any CPU.Build.0 = Release|Any CPU
	EndGlobalSection
	GlobalSection(SolutionProperties) = preSolution
		HideSolutionNode = FALSE
	EndGlobalSection
	GlobalSection(ExtensibilityGlobals) = postSolution
		SolutionGuid = {6E7FD152-7C90-4D8D-9B1E-DF2DD98FF351}
	EndGlobalSection
EndGlobal
